
Microsoft Visual Studio Solution File, Format Version 12.00
# Visual Studio Version 17
VisualStudioVersion = 17.8.34330.188
MinimumVisualStudioVersion = 10.0.40219.1
Project("{FAE04EC0-301F-11D3-BF4B-00C04F79EFBC}") = "Takeout_Server", "Takeout_Server\Takeout_Server.csproj", "{7FDFAD32-567F-48B7-B447-DAE910845DD1}"
EndProject
Global
	GlobalSection(SolutionConfigurationPlatforms) = preSolution
		Debug|Any CPU = Debug|Any CPU
		Release|Any CPU = Release|Any CPU
	EndGlobalSection
	GlobalSection(ProjectConfigurationPlatforms) = postSolution
		{7FDFAD32-567F-48B7-B447-DAE910845DD1}.Debug|Any CPU.ActiveCfg = Debug|Any CPU
		{7FDFAD32-567F-48B7-B447-DAE910845DD1}.Debug|Any CPU.Build.0 = Debug|Any CPU
		{7FDFAD32-567F-48B7-B447-DAE910845DD1}.Release|Any CPU.ActiveCfg = Release|Any CPU
		{7FDFAD32-567F-48B7-B447-DAE910845DD1}.Release|Any CPU.Build.0 = Release|Any CPU
	EndGlobalSection
	GlobalSection(SolutionProperties) = preSolution
		HideSolutionNode = FALSE
	EndGlobalSection
	GlobalSection(ExtensibilityGlobals) = postSolution
		SolutionGuid = {FC9225D0-2E34-48C2-AE2C-C85584E7677E}
	EndGlobalSection
EndGlobal
